
Microsoft Visual Studio Solution File, Format Version 12.00
# Visual Studio Version 17
VisualStudioVersion = 17.8.34316.72
MinimumVisualStudioVersion = 10.0.40219.1
Project("{FAE04EC0-301F-11D3-BF4B-00C04F79EFBC}") = "Portfolio.Server", "Portfolio.Server\Portfolio.Server.csproj", "{ECF8780C-A0D5-423D-A86D-502670A3BE84}"
EndProject
Project("{54A90642-561A-4BB1-A94E-469ADEE60C69}") = "portfolio.client", "portfolio.client\portfolio.client.esproj", "{857362F1-E164-4C27-8482-3DE8A3013AA1}"
EndProject
Global
	GlobalSection(SolutionConfigurationPlatforms) = preSolution
		Debug|Any CPU = Debug|Any CPU
		Release|Any CPU = Release|Any CPU
	EndGlobalSection
	GlobalSection(ProjectConfigurationPlatforms) = postSolution
		{ECF8780C-A0D5-423D-A86D-502670A3BE84}.Debug|Any CPU.ActiveCfg = Debug|Any CPU
		{ECF8780C-A0D5-423D-A86D-502670A3BE84}.Debug|Any CPU.Build.0 = Debug|Any CPU
		{ECF8780C-A0D5-423D-A86D-502670A3BE84}.Release|Any CPU.ActiveCfg = Release|Any CPU
		{ECF8780C-A0D5-423D-A86D-502670A3BE84}.Release|Any CPU.Build.0 = Release|Any CPU
		{857362F1-E164-4C27-8482-3DE8A3013AA1}.Debug|Any CPU.ActiveCfg = Debug|Any CPU
		{857362F1-E164-4C27-8482-3DE8A3013AA1}.Debug|Any CPU.Build.0 = Debug|Any CPU
		{857362F1-E164-4C27-8482-3DE8A3013AA1}.Debug|Any CPU.Deploy.0 = Debug|Any CPU
		{857362F1-E164-4C27-8482-3DE8A3013AA1}.Release|Any CPU.ActiveCfg = Release|Any CPU
		{857362F1-E164-4C27-8482-3DE8A3013AA1}.Release|Any CPU.Build.0 = Release|Any CPU
		{857362F1-E164-4C27-8482-3DE8A3013AA1}.Release|Any CPU.Deploy.0 = Release|Any CPU
	EndGlobalSection
	GlobalSection(SolutionProperties) = preSolution
		HideSolutionNode = FALSE
	EndGlobalSection
	GlobalSection(ExtensibilityGlobals) = postSolution
		SolutionGuid = {D2965E70-50B5-413A-8FC1-20241D9F8FFD}
	EndGlobalSection
EndGlobal
